
Microsoft Visual Studio Solution File, Format Version 11.00
# Visual Studio 2010
Project("{FAE04EC0-301F-11D3-BF4B-00C04F79EFBC}") = "SimpleWebTransport", "SimpleWebTransport.csproj", "{155a7964-8e45-92ea-b86c-f67a11c33d17}"
EndProject
Project("{FAE04EC0-301F-11D3-BF4B-00C04F79EFBC}") = "Mirror", "Mirror.csproj", "{0f8c8eca-5075-34dd-0ad3-a3f1d493db79}"
EndProject
Project("{FAE04EC0-301F-11D3-BF4B-00C04F79EFBC}") = "SteamVR", "SteamVR.csproj", "{add64d1c-34f8-7b21-e6fc-22c7b2af04fe}"
EndProject
Project("{FAE04EC0-301F-11D3-BF4B-00C04F79EFBC}") = "Telepathy", "Telepathy.csproj", "{39391c2e-a574-92d4-649b-f7fd8e2a6a44}"
EndProject
Project("{FAE04EC0-301F-11D3-BF4B-00C04F79EFBC}") = "Mirror.Components", "Mirror.Components.csproj", "{494e2d53-4aff-3dea-e586-9106d80cb50d}"
EndProject
Project("{FAE04EC0-301F-11D3-BF4B-00C04F79EFBC}") = "Mirror.Examples", "Mirror.Examples.csproj", "{4c520df2-b2a6-4330-7026-40176230a53e}"
EndProject
Project("{FAE04EC0-301F-11D3-BF4B-00C04F79EFBC}") = "Assembly-CSharp", "Assembly-CSharp.csproj", "{d7fe7aa8-8f9e-8ad1-3c76-47e44ddbc8fb}"
EndProject
Project("{FAE04EC0-301F-11D3-BF4B-00C04F79EFBC}") = "where-allocations", "where-allocations.csproj", "{ef663519-8298-2db3-b0e0-5307753a1aa2}"
EndProject
Project("{FAE04EC0-301F-11D3-BF4B-00C04F79EFBC}") = "kcp2k", "kcp2k.csproj", "{4d52f4b3-dc05-5aa4-fa84-0655cac15b2d}"
EndProject
Project("{FAE04EC0-301F-11D3-BF4B-00C04F79EFBC}") = "SteamVR_Actions", "SteamVR_Actions.csproj", "{28dab37f-b0c9-3cb0-60a8-902319671584}"
EndProject
Project("{FAE04EC0-301F-11D3-BF4B-00C04F79EFBC}") = "Mirror.Authenticators", "Mirror.Authenticators.csproj", "{f6206a4a-a269-62b7-aaf7-c08ba08aac67}"
EndProject
Project("{FAE04EC0-301F-11D3-BF4B-00C04F79EFBC}") = "Unity.Mirror.CodeGen", "Unity.Mirror.CodeGen.csproj", "{b0fc7e14-ba2c-186d-030b-708e6a363212}"
EndProject
Project("{FAE04EC0-301F-11D3-BF4B-00C04F79EFBC}") = "SteamVR_Editor", "SteamVR_Editor.csproj", "{4e4dd789-718a-ec5e-c9ce-f749dff981e1}"
EndProject
Project("{FAE04EC0-301F-11D3-BF4B-00C04F79EFBC}") = "SteamVR_Input_Editor", "SteamVR_Input_Editor.csproj", "{90ef3186-275b-762f-ddbc-58c6599dc9c4}"
EndProject
Project("{FAE04EC0-301F-11D3-BF4B-00C04F79EFBC}") = "Mirror.Editor", "Mirror.Editor.csproj", "{24efbcc5-b9a3-d6bc-c3c1-0b97c53c5b09}"
EndProject
Project("{FAE04EC0-301F-11D3-BF4B-00C04F79EFBC}") = "Mirror.CompilerSymbols", "Mirror.CompilerSymbols.csproj", "{c54dd8ca-79f6-6713-c882-b1a0d4644701}"
EndProject
Project("{FAE04EC0-301F-11D3-BF4B-00C04F79EFBC}") = "SteamVR_Windows_EditorHelper", "SteamVR_Windows_EditorHelper.csproj", "{4b944911-38de-cc82-6ce1-b3a850e1b128}"
EndProject
Global
	GlobalSection(SolutionConfigurationPlatforms) = preSolution
		Debug|Any CPU = Debug|Any CPU
	EndGlobalSection
	GlobalSection(ProjectConfigurationPlatforms) = postSolution
		{155a7964-8e45-92ea-b86c-f67a11c33d17}.Debug|Any CPU.ActiveCfg = Debug|Any CPU
		{155a7964-8e45-92ea-b86c-f67a11c33d17}.Debug|Any CPU.Build.0 = Debug|Any CPU
		{0f8c8eca-5075-34dd-0ad3-a3f1d493db79}.Debug|Any CPU.ActiveCfg = Debug|Any CPU
		{0f8c8eca-5075-34dd-0ad3-a3f1d493db79}.Debug|Any CPU.Build.0 = Debug|Any CPU
		{add64d1c-34f8-7b21-e6fc-22c7b2af04fe}.Debug|Any CPU.ActiveCfg = Debug|Any CPU
		{add64d1c-34f8-7b21-e6fc-22c7b2af04fe}.Debug|Any CPU.Build.0 = Debug|Any CPU
		{39391c2e-a574-92d4-649b-f7fd8e2a6a44}.Debug|Any CPU.ActiveCfg = Debug|Any CPU
		{39391c2e-a574-92d4-649b-f7fd8e2a6a44}.Debug|Any CPU.Build.0 = Debug|Any CPU
		{494e2d53-4aff-3dea-e586-9106d80cb50d}.Debug|Any CPU.ActiveCfg = Debug|Any CPU
		{494e2d53-4aff-3dea-e586-9106d80cb50d}.Debug|Any CPU.Build.0 = Debug|Any CPU
		{4c520df2-b2a6-4330-7026-40176230a53e}.Debug|Any CPU.ActiveCfg = Debug|Any CPU
		{4c520df2-b2a6-4330-7026-40176230a53e}.Debug|Any CPU.Build.0 = Debug|Any CPU
		{d7fe7aa8-8f9e-8ad1-3c76-47e44ddbc8fb}.Debug|Any CPU.ActiveCfg = Debug|Any CPU
		{d7fe7aa8-8f9e-8ad1-3c76-47e44ddbc8fb}.Debug|Any CPU.Build.0 = Debug|Any CPU
		{ef663519-8298-2db3-b0e0-5307753a1aa2}.Debug|Any CPU.ActiveCfg = Debug|Any CPU
		{ef663519-8298-2db3-b0e0-5307753a1aa2}.Debug|Any CPU.Build.0 = Debug|Any CPU
		{4d52f4b3-dc05-5aa4-fa84-0655cac15b2d}.Debug|Any CPU.ActiveCfg = Debug|Any CPU
		{4d52f4b3-dc05-5aa4-fa84-0655cac15b2d}.Debug|Any CPU.Build.0 = Debug|Any CPU
		{28dab37f-b0c9-3cb0-60a8-902319671584}.Debug|Any CPU.ActiveCfg = Debug|Any CPU
		{28dab37f-b0c9-3cb0-60a8-902319671584}.Debug|Any CPU.Build.0 = Debug|Any CPU
		{f6206a4a-a269-62b7-aaf7-c08ba08aac67}.Debug|Any CPU.ActiveCfg = Debug|Any CPU
		{f6206a4a-a269-62b7-aaf7-c08ba08aac67}.Debug|Any CPU.Build.0 = Debug|Any CPU
		{b0fc7e14-ba2c-186d-030b-708e6a363212}.Debug|Any CPU.ActiveCfg = Debug|Any CPU
		{b0fc7e14-ba2c-186d-030b-708e6a363212}.Debug|Any CPU.Build.0 = Debug|Any CPU
		{4e4dd789-718a-ec5e-c9ce-f749dff981e1}.Debug|Any CPU.ActiveCfg = Debug|Any CPU
		{4e4dd789-718a-ec5e-c9ce-f749dff981e1}.Debug|Any CPU.Build.0 = Debug|Any CPU
		{90ef3186-275b-762f-ddbc-58c6599dc9c4}.Debug|Any CPU.ActiveCfg = Debug|Any CPU
		{90ef3186-275b-762f-ddbc-58c6599dc9c4}.Debug|Any CPU.Build.0 = Debug|Any CPU
		{24efbcc5-b9a3-d6bc-c3c1-0b97c53c5b09}.Debug|Any CPU.ActiveCfg = Debug|Any CPU
		{24efbcc5-b9a3-d6bc-c3c1-0b97c53c5b09}.Debug|Any CPU.Build.0 = Debug|Any CPU
		{c54dd8ca-79f6-6713-c882-b1a0d4644701}.Debug|Any CPU.ActiveCfg = Debug|Any CPU
		{c54dd8ca-79f6-6713-c882-b1a0d4644701}.Debug|Any CPU.Build.0 = Debug|Any CPU
		{4b944911-38de-cc82-6ce1-b3a850e1b128}.Debug|Any CPU.ActiveCfg = Debug|Any CPU
		{4b944911-38de-cc82-6ce1-b3a850e1b128}.Debug|Any CPU.Build.0 = Debug|Any CPU
	EndGlobalSection
	GlobalSection(SolutionProperties) = preSolution
		HideSolutionNode = FALSE
	EndGlobalSection
EndGlobal
